// !$*UTF8*$!
{
	archiveVersion = 1;
	classes = {
	};
	objectVersion = 77;
	objects = {

/* Begin PBXContainerItemProxy section */
		815837D62CDE8B5B00EDBD52 /* PBXContainerItemProxy */ = {
			isa = PBXContainerItemProxy;
			containerPortal = 815837BC2CDE8B5800EDBD52 /* Project object */;
			proxyType = 1;
			remoteGlobalIDString = 815837C32CDE8B5800EDBD52;
			remoteInfo = CalculatorSwiftTutorial;
		};
		815837E02CDE8B5B00EDBD52 /* PBXContainerItemProxy */ = {
			isa = PBXContainerItemProxy;
			containerPortal = 815837BC2CDE8B5800EDBD52 /* Project object */;
			proxyType = 1;
			remoteGlobalIDString = 815837C32CDE8B5800EDBD52;
			remoteInfo = CalculatorSwiftTutorial;
		};
/* End PBXContainerItemProxy section */

/* Begin PBXFileReference section */
		815837C42CDE8B5800EDBD52 /* CalculatorSwiftTutorial.app */ = {isa = PBXFileReference; explicitFileType = wrapper.application; includeInIndex = 0; path = CalculatorSwiftTutorial.app; sourceTree = BUILT_PRODUCTS_DIR; };
		815837D52CDE8B5B00EDBD52 /* CalculatorSwiftTutorialTests.xctest */ = {isa = PBXFileReference; explicitFileType = wrapper.cfbundle; includeInIndex = 0; path = CalculatorSwiftTutorialTests.xctest; sourceTree = BUILT_PRODUCTS_DIR; };
		815837DF2CDE8B5B00EDBD52 /* CalculatorSwiftTutorialUITests.xctest */ = {isa = PBXFileReference; explicitFileType = wrapper.cfbundle; includeInIndex = 0; path = CalculatorSwiftTutorialUITests.xctest; sourceTree = BUILT_PRODUCTS_DIR; };
/* End PBXFileReference section */

/* Begin PBXFileSystemSynchronizedRootGroup section */
		815837C62CDE8B5800EDBD52 /* CalculatorSwiftTutorial */ = {
			isa = PBXFileSystemSynchronizedRootGroup;
			path = CalculatorSwiftTutorial;
			sourceTree = "<group>";
		};
		815837D82CDE8B5B00EDBD52 /* CalculatorSwiftTutorialTests */ = {
			isa = PBXFileSystemSynchronizedRootGroup;
			path = CalculatorSwiftTutorialTests;
			sourceTree = "<group>";
		};
		815837E22CDE8B5B00EDBD52 /* CalculatorSwiftTutorialUITests */ = {
			isa = PBXFileSystemSynchronizedRootGroup;
			path = CalculatorSwiftTutorialUITests;
			sourceTree = "<group>";
		};
/* End PBXFileSystemSynchronizedRootGroup section */

/* Begin PBXFrameworksBuildPhase section */
		815837C12CDE8B5800EDBD52 /* Frameworks */ = {
			isa = PBXFrameworksBuildPhase;
			buildActionMask = 2147483647;
			files = (
			);
			runOnlyForDeploymentPostprocessing = 0;
		};
		815837D22CDE8B5B00EDBD52 /* Frameworks */ = {
			isa = PBXFrameworksBuildPhase;
			buildActionMask = 2147483647;
			files = (
			);
			runOnlyForDeploymentPostprocessing = 0;
		};
		815837DC2CDE8B5B00EDBD52 /* Frameworks */ = {
			isa = PBXFrameworksBuildPhase;
			buildActionMask = 2147483647;
			files = (
			);
			runOnlyForDeploymentPostprocessing = 0;
		};
/* End PBXFrameworksBuildPhase section */

/* Begin PBXGroup section */
		815837BB2CDE8B5800EDBD52 = {
			isa = PBXGroup;
			children = (
				815837C62CDE8B5800EDBD52 /* CalculatorSwiftTutorial */,
				815837D82CDE8B5B00EDBD52 /* CalculatorSwiftTutorialTests */,
				815837E22CDE8B5B00EDBD52 /* CalculatorSwiftTutorialUITests */,
				815837C52CDE8B5800EDBD52 /* Products */,
			);
			sourceTree = "<group>";
		};
		815837C52CDE8B5800EDBD52 /* Products */ = {
			isa = PBXGroup;
			children = (
				815837C42CDE8B5800EDBD52 /* CalculatorSwiftTutorial.app */,
				815837D52CDE8B5B00EDBD52 /* CalculatorSwiftTutorialTests.xctest */,
				815837DF2CDE8B5B00EDBD52 /* CalculatorSwiftTutorialUITests.xctest */,
			);
			name = Products;
			sourceTree = "<group>";
		};
/* End PBXGroup section */

/* Begin PBXNativeTarget section */
		815837C32CDE8B5800EDBD52 /* CalculatorSwiftTutorial */ = {
			isa = PBXNativeTarget;
			buildConfigurationList = 815837E92CDE8B5B00EDBD52 /* Build configuration list for PBXNativeTarget "CalculatorSwiftTutorial" */;
			buildPhases = (
				815837C02CDE8B5800EDBD52 /* Sources */,
				815837C12CDE8B5800EDBD52 /* Frameworks */,
				815837C22CDE8B5800EDBD52 /* Resources */,
			);
			buildRules = (
			);
			dependencies = (
			);
			fileSystemSynchronizedGroups = (
				815837C62CDE8B5800EDBD52 /* CalculatorSwiftTutorial */,
			);
			name = CalculatorSwiftTutorial;
			packageProductDependencies = (
			);
			productName = CalculatorSwiftTutorial;
			productReference = 815837C42CDE8B5800EDBD52 /* CalculatorSwiftTutorial.app */;
			productType = "com.apple.product-type.application";
		};
		815837D42CDE8B5B00EDBD52 /* CalculatorSwiftTutorialTests */ = {
			isa = PBXNativeTarget;
			buildConfigurationList = 815837EC2CDE8B5B00EDBD52 /* Build configuration list for PBXNativeTarget "CalculatorSwiftTutorialTests" */;
			buildPhases = (
				815837D12CDE8B5B00EDBD52 /* Sources */,
				815837D22CDE8B5B00EDBD52 /* Frameworks */,
				815837D32CDE8B5B00EDBD52 /* Resources */,
			);
			buildRules = (
			);
			dependencies = (
				815837D72CDE8B5B00EDBD52 /* PBXTargetDependency */,
			);
			fileSystemSynchronizedGroups = (
				815837D82CDE8B5B00EDBD52 /* CalculatorSwiftTutorialTests */,
			);
			name = CalculatorSwiftTutorialTests;
			packageProductDependencies = (
			);
			productName = CalculatorSwiftTutorialTests;
			productReference = 815837D52CDE8B5B00EDBD52 /* CalculatorSwiftTutorialTests.xctest */;
			productType = "com.apple.product-type.bundle.unit-test";
		};
		815837DE2CDE8B5B00EDBD52 /* CalculatorSwiftTutorialUITests */ = {
			isa = PBXNativeTarget;
			buildConfigurationList = 815837EF2CDE8B5B00EDBD52 /* Build configuration list for PBXNativeTarget "CalculatorSwiftTutorialUITests" */;
			buildPhases = (
				815837DB2CDE8B5B00EDBD52 /* Sources */,
				815837DC2CDE8B5B00EDBD52 /* Frameworks */,
				815837DD2CDE8B5B00EDBD52 /* Resources */,
			);
			buildRules = (
			);
			dependencies = (
				815837E12CDE8B5B00EDBD52 /* PBXTargetDependency */,
			);
			fileSystemSynchronizedGroups = (
				815837E22CDE8B5B00EDBD52 /* CalculatorSwiftTutorialUITests */,
			);
			name = CalculatorSwiftTutorialUITests;
			packageProductDependencies = (
			);
			productName = CalculatorSwiftTutorialUITests;
			productReference = 815837DF2CDE8B5B00EDBD52 /* CalculatorSwiftTutorialUITests.xctest */;
			productType = "com.apple.product-type.bundle.ui-testing";
		};
/* End PBXNativeTarget section */

/* Begin PBXProject section */
		815837BC2CDE8B5800EDBD52 /* Project object */ = {
			isa = PBXProject;
			attributes = {
				BuildIndependentTargetsInParallel = 1;
				LastSwiftUpdateCheck = 1610;
				LastUpgradeCheck = 1610;
				TargetAttributes = {
					815837C32CDE8B5800EDBD52 = {
						CreatedOnToolsVersion = 16.1;
					};
					815837D42CDE8B5B00EDBD52 = {
						CreatedOnToolsVersion = 16.1;
						TestTargetID = 815837C32CDE8B5800EDBD52;
					};
					815837DE2CDE8B5B00EDBD52 = {
						CreatedOnToolsVersion = 16.1;
						TestTargetID = 815837C32CDE8B5800EDBD52;
					};
				};
			};
			buildConfigurationList = 815837BF2CDE8B5800EDBD52 /* Build configuration list for PBXProject "CalculatorSwiftTutorial" */;
			developmentRegion = en;
			hasScannedForEncodings = 0;
			knownRegions = (
				en,
				Base,
			);
			mainGroup = 815837BB2CDE8B5800EDBD52;
			minimizedProjectReferenceProxies = 1;
			preferredProjectObjectVersion = 77;
			productRefGroup = 815837C52CDE8B5800EDBD52 /* Products */;
			projectDirPath = "";
			projectRoot = "";
			targets = (
				815837C32CDE8B5800EDBD52 /* CalculatorSwiftTutorial */,
				815837D42CDE8B5B00EDBD52 /* CalculatorSwiftTutorialTests */,
				815837DE2CDE8B5B00EDBD52 /* CalculatorSwiftTutorialUITests */,
			);
		};
/* End PBXProject section */

/* Begin PBXResourcesBuildPhase section */
		815837C22CDE8B5800EDBD52 /* Resources */ = {
			isa = PBXResourcesBuildPhase;
			buildActionMask = 2147483647;
			files = (
			);
			runOnlyForDeploymentPostprocessing = 0;
		};
		815837D32CDE8B5B00EDBD52 /* Resources */ = {
			isa = PBXResourcesBuildPhase;
			buildActionMask = 2147483647;
			files = (
			);
			runOnlyForDeploymentPostprocessing = 0;
		};
		815837DD2CDE8B5B00EDBD52 /* Resources */ = {
			isa = PBXResourcesBuildPhase;
			buildActionMask = 2147483647;
			files = (
			);
			runOnlyForDeploymentPostprocessing = 0;
		};
/* End PBXResourcesBuildPhase section */

/* Begin PBXSourcesBuildPhase section */
		815837C02CDE8B5800EDBD52 /* Sources */ = {
			isa = PBXSourcesBuildPhase;
			buildActionMask = 2147483647;
			files = (
			);
			runOnlyForDeploymentPostprocessing = 0;
		};
		815837D12CDE8B5B00EDBD52 /* Sources */ = {
			isa = PBXSourcesBuildPhase;
			buildActionMask = 2147483647;
			files = (
			);
			runOnlyForDeploymentPostprocessing = 0;
		};
		815837DB2CDE8B5B00EDBD52 /* Sources */ = {
			isa = PBXSourcesBuildPhase;
			buildActionMask = 2147483647;
			files = (
			);
			runOnlyForDeploymentPostprocessing = 0;
		};
/* End PBXSourcesBuildPhase section */

/* Begin PBXTargetDependency section */
		815837D72CDE8B5B00EDBD52 /* PBXTargetDependency */ = {
			isa = PBXTargetDependency;
			target = 815837C32CDE8B5800EDBD52 /* CalculatorSwiftTutorial */;
			targetProxy = 815837D62CDE8B5B00EDBD52 /* PBXContainerItemProxy */;
		};
		815837E12CDE8B5B00EDBD52 /* PBXTargetDependency */ = {
			isa = PBXTargetDependency;
			target = 815837C32CDE8B5800EDBD52 /* CalculatorSwiftTutorial */;
			targetProxy = 815837E02CDE8B5B00EDBD52 /* PBXContainerItemProxy */;
		};
/* End PBXTargetDependency section */

/* Begin XCBuildConfiguration section */
		815837E72CDE8B5B00EDBD52 /* Debug */ = {
			isa = XCBuildConfiguration;
			buildSettings = {
				ALWAYS_SEARCH_USER_PATHS = NO;
				ASSETCATALOG_COMPILER_GENERATE_SWIFT_ASSET_SYMBOL_EXTENSIONS = YES;
				CLANG_ANALYZER_NONNULL = YES;
				CLANG_ANALYZER_NUMBER_OBJECT_CONVERSION = YES_AGGRESSIVE;
				CLANG_CXX_LANGUAGE_STANDARD = "gnu++20";
				CLANG_ENABLE_MODULES = YES;
				CLANG_ENABLE_OBJC_ARC = YES;
				CLANG_ENABLE_OBJC_WEAK = YES;
				CLANG_WARN_BLOCK_CAPTURE_AUTORELEASING = YES;
				CLANG_WARN_BOOL_CONVERSION = YES;
				CLANG_WARN_COMMA = YES;
				CLANG_WARN_CONSTANT_CONVERSION = YES;
				CLANG_WARN_DEPRECATED_OBJC_IMPLEMENTATIONS = YES;
				CLANG_WARN_DIRECT_OBJC_ISA_USAGE = YES_ERROR;
				CLANG_WARN_DOCUMENTATION_COMMENTS = YES;
				CLANG_WARN_EMPTY_BODY = YES;
				CLANG_WARN_ENUM_CONVERSION = YES;
				CLANG_WARN_INFINITE_RECURSION = YES;
				CLANG_WARN_INT_CONVERSION = YES;
				CLANG_WARN_NON_LITERAL_NULL_CONVERSION = YES;
				CLANG_WARN_OBJC_IMPLICIT_RETAIN_SELF = YES;
				CLANG_WARN_OBJC_LITERAL_CONVERSION = YES;
				CLANG_WARN_OBJC_ROOT_CLASS = YES_ERROR;
				CLANG_WARN_QUOTED_INCLUDE_IN_FRAMEWORK_HEADER = YES;
				CLANG_WARN_RANGE_LOOP_ANALYSIS = YES;
				CLANG_WARN_STRICT_PROTOTYPES = YES;
				CLANG_WARN_SUSPICIOUS_MOVE = YES;
				CLANG_WARN_UNGUARDED_AVAILABILITY = YES_AGGRESSIVE;
				CLANG_WARN_UNREACHABLE_CODE = YES;
				CLANG_WARN__DUPLICATE_METHOD_MATCH = YES;
				COPY_PHASE_STRIP = NO;
				DEBUG_INFORMATION_FORMAT = dwarf;
				ENABLE_STRICT_OBJC_MSGSEND = YES;
				ENABLE_TESTABILITY = YES;
				ENABLE_USER_SCRIPT_SANDBOXING = YES;
				GCC_C_LANGUAGE_STANDARD = gnu17;
				GCC_DYNAMIC_NO_PIC = NO;
				GCC_NO_COMMON_BLOCKS = YES;
				GCC_OPTIMIZATION_LEVEL = 0;
				GCC_PREPROCESSOR_DEFINITIONS = (
					"DEBUG=1",
					"$(inherited)",
				);
				GCC_WARN_64_TO_32_BIT_CONVERSION = YES;
				GCC_WARN_ABOUT_RETURN_TYPE = YES_ERROR;
				GCC_WARN_UNDECLARED_SELECTOR = YES;
				GCC_WARN_UNINITIALIZED_AUTOS = YES_AGGRESSIVE;
				GCC_WARN_UNUSED_FUNCTION = YES;
				GCC_WARN_UNUSED_VARIABLE = YES;
				LOCALIZATION_PREFERS_STRING_CATALOGS = YES;
				MTL_ENABLE_DEBUG_INFO = INCLUDE_SOURCE;
				MTL_FAST_MATH = YES;
				ONLY_ACTIVE_ARCH = YES;
				SWIFT_ACTIVE_COMPILATION_CONDITIONS = "DEBUG $(inherited)";
				SWIFT_OPTIMIZATION_LEVEL = "-Onone";
			};
			name = Debug;
		};
		815837E82CDE8B5B00EDBD52 /* Release */ = {
			isa = XCBuildConfiguration;
			buildSettings = {
				ALWAYS_SEARCH_USER_PATHS = NO;
				ASSETCATALOG_COMPILER_GENERATE_SWIFT_ASSET_SYMBOL_EXTENSIONS = YES;
				CLANG_ANALYZER_NONNULL = YES;
				CLANG_ANALYZER_NUMBER_OBJECT_CONVERSION = YES_AGGRESSIVE;
				CLANG_CXX_LANGUAGE_STANDARD = "gnu++20";
				CLANG_ENABLE_MODULES = YES;
				CLANG_ENABLE_OBJC_ARC = YES;
				CLANG_ENABLE_OBJC_WEAK = YES;
				CLANG_WARN_BLOCK_CAPTURE_AUTORELEASING = YES;
				CLANG_WARN_BOOL_CONVERSION = YES;
				CLANG_WARN_COMMA = YES;
				CLANG_WARN_CONSTANT_CONVERSION = YES;
				CLANG_WARN_DEPRECATED_OBJC_IMPLEMENTATIONS = YES;
				CLANG_WARN_DIRECT_OBJC_ISA_USAGE = YES_ERROR;
				CLANG_WARN_DOCUMENTATION_COMMENTS = YES;
				CLANG_WARN_EMPTY_BODY = YES;
				CLANG_WARN_ENUM_CONVERSION = YES;
				CLANG_WARN_INFINITE_RECURSION = YES;
				CLANG_WARN_INT_CONVERSION = YES;
				CLANG_WARN_NON_LITERAL_NULL_CONVERSION = YES;
				CLANG_WARN_OBJC_IMPLICIT_RETAIN_SELF = YES;
				CLANG_WARN_OBJC_LITERAL_CONVERSION = YES;
				CLANG_WARN_OBJC_ROOT_CLASS = YES_ERROR;
				CLANG_WARN_QUOTED_INCLUDE_IN_FRAMEWORK_HEADER = YES;
				CLANG_WARN_RANGE_LOOP_ANALYSIS = YES;
				CLANG_WARN_STRICT_PROTOTYPES = YES;
				CLANG_WARN_SUSPICIOUS_MOVE = YES;
				CLANG_WARN_UNGUARDED_AVAILABILITY = YES_AGGRESSIVE;
				CLANG_WARN_UNREACHABLE_CODE = YES;
				CLANG_WARN__DUPLICATE_METHOD_MATCH = YES;
				COPY_PHASE_STRIP = NO;
				DEBUG_INFORMATION_FORMAT = "dwarf-with-dsym";
				ENABLE_NS_ASSERTIONS = NO;
				ENABLE_STRICT_OBJC_MSGSEND = YES;
				ENABLE_USER_SCRIPT_SANDBOXING = YES;
				GCC_C_LANGUAGE_STANDARD = gnu17;
				GCC_NO_COMMON_BLOCKS = YES;
				GCC_WARN_64_TO_32_BIT_CONVERSION = YES;
				GCC_WARN_ABOUT_RETURN_TYPE = YES_ERROR;
				GCC_WARN_UNDECLARED_SELECTOR = YES;
				GCC_WARN_UNINITIALIZED_AUTOS = YES_AGGRESSIVE;
				GCC_WARN_UNUSED_FUNCTION = YES;
				GCC_WARN_UNUSED_VARIABLE = YES;
				LOCALIZATION_PREFERS_STRING_CATALOGS = YES;
				MTL_ENABLE_DEBUG_INFO = NO;
				MTL_FAST_MATH = YES;
				SWIFT_COMPILATION_MODE = wholemodule;
			};
			name = Release;
		};
		815837EA2CDE8B5B00EDBD52 /* Debug */ = {
			isa = XCBuildConfiguration;
			buildSettings = {
				ASSETCATALOG_COMPILER_APPICON_NAME = AppIcon;
				ASSETCATALOG_COMPILER_GLOBAL_ACCENT_COLOR_NAME = AccentColor;
				CODE_SIGN_ENTITLEMENTS = CalculatorSwiftTutorial/CalculatorSwiftTutorial.entitlements;
				CODE_SIGN_STYLE = Automatic;
				CURRENT_PROJECT_VERSION = 1;
				DEVELOPMENT_ASSET_PATHS = "\"CalculatorSwiftTutorial/Preview Content\"";
				DEVELOPMENT_TEAM = 4W2K9M74YB;
				ENABLE_HARDENED_RUNTIME = YES;
				ENABLE_PREVIEWS = YES;
				GENERATE_INFOPLIST_FILE = YES;
				"INFOPLIST_KEY_UIApplicationSceneManifest_Generation[sdk=iphoneos*]" = YES;
				"INFOPLIST_KEY_UIApplicationSceneManifest_Generation[sdk=iphonesimulator*]" = YES;
				"INFOPLIST_KEY_UIApplicationSupportsIndirectInputEvents[sdk=iphoneos*]" = YES;
				"INFOPLIST_KEY_UIApplicationSupportsIndirectInputEvents[sdk=iphonesimulator*]" = YES;
				"INFOPLIST_KEY_UILaunchScreen_Generation[sdk=iphoneos*]" = YES;
				"INFOPLIST_KEY_UILaunchScreen_Generation[sdk=iphonesimulator*]" = YES;
				"INFOPLIST_KEY_UIStatusBarStyle[sdk=iphoneos*]" = UIStatusBarStyleDefault;
				"INFOPLIST_KEY_UIStatusBarStyle[sdk=iphonesimulator*]" = UIStatusBarStyleDefault;
				INFOPLIST_KEY_UISupportedInterfaceOrientations_iPad = "UIInterfaceOrientationPortrait UIInterfaceOrientationPortraitUpsideDown UIInterfaceOrientationLandscapeLeft UIInterfaceOrientationLandscapeRight";
				INFOPLIST_KEY_UISupportedInterfaceOrientations_iPhone = "UIInterfaceOrientationPortrait UIInterfaceOrientationLandscapeLeft UIInterfaceOrientationLandscapeRight";
				IPHONEOS_DEPLOYMENT_TARGET = 18.1;
				LD_RUNPATH_SEARCH_PATHS = "@executable_path/Frameworks";
				"LD_RUNPATH_SEARCH_PATHS[sdk=macosx*]" = "@executable_path/../Frameworks";
				MACOSX_DEPLOYMENT_TARGET = 14.6;
				MARKETING_VERSION = 1.0;
				PRODUCT_BUNDLE_IDENTIFIER = Test.CalculatorSwiftTutorial;
				PRODUCT_NAME = "$(TARGET_NAME)";
				SDKROOT = auto;
				SUPPORTED_PLATFORMS = "iphoneos iphonesimulator macosx xros xrsimulator";
				SWIFT_EMIT_LOC_STRINGS = YES;
				SWIFT_VERSION = 5.0;
				TARGETED_DEVICE_FAMILY = "1,2,7";
				XROS_DEPLOYMENT_TARGET = 2.1;
			};
			name = Debug;
		};
		815837EB2CDE8B5B00EDBD52 /* Release */ = {
			isa = XCBuildConfiguration;
			buildSettings = {
				ASSETCATALOG_COMPILER_APPICON_NAME = AppIcon;
				ASSETCATALOG_COMPILER_GLOBAL_ACCENT_COLOR_NAME = AccentColor;
				CODE_SIGN_ENTITLEMENTS = CalculatorSwiftTutorial/CalculatorSwiftTutorial.entitlements;
				CODE_SIGN_STYLE = Automatic;
				CURRENT_PROJECT_VERSION = 1;
				DEVELOPMENT_ASSET_PATHS = "\"CalculatorSwiftTutorial/Preview Content\"";
				DEVELOPMENT_TEAM = 4W2K9M74YB;
				ENABLE_HARDENED_RUNTIME = YES;
				ENABLE_PREVIEWS = YES;
				GENERATE_INFOPLIST_FILE = YES;
				"INFOPLIST_KEY_UIApplicationSceneManifest_Generation[sdk=iphoneos*]" = YES;
				"INFOPLIST_KEY_UIApplicationSceneManifest_Generation[sdk=iphonesimulator*]" = YES;
				"INFOPLIST_KEY_UIApplicationSupportsIndirectInputEvents[sdk=iphoneos*]" = YES;
				"INFOPLIST_KEY_UIApplicationSupportsIndirectInputEvents[sdk=iphonesimulator*]" = YES;
				"INFOPLIST_KEY_UILaunchScreen_Generation[sdk=iphoneos*]" = YES;
				"INFOPLIST_KEY_UILaunchScreen_Generation[sdk=iphonesimulator*]" = YES;
				"INFOPLIST_KEY_UIStatusBarStyle[sdk=iphoneos*]" = UIStatusBarStyleDefault;
				"INFOPLIST_KEY_UIStatusBarStyle[sdk=iphonesimulator*]" = UIStatusBarStyleDefault;
				INFOPLIST_KEY_UISupportedInterfaceOrientations_iPad = "UIInterfaceOrientationPortrait UIInterfaceOrientationPortraitUpsideDown UIInterfaceOrientationLandscapeLeft UIInterfaceOrientationLandscapeRight";
				INFOPLIST_KEY_UISupportedInterfaceOrientations_iPhone = "UIInterfaceOrientationPortrait UIInterfaceOrientationLandscapeLeft UIInterfaceOrientationLandscapeRight";
				IPHONEOS_DEPLOYMENT_TARGET = 18.1;
				LD_RUNPATH_SEARCH_PATHS = "@executable_path/Frameworks";
				"LD_RUNPATH_SEARCH_PATHS[sdk=macosx*]" = "@executable_path/../Frameworks";
				MACOSX_DEPLOYMENT_TARGET = 14.6;
				MARKETING_VERSION = 1.0;
				PRODUCT_BUNDLE_IDENTIFIER = Test.CalculatorSwiftTutorial;
				PRODUCT_NAME = "$(TARGET_NAME)";
				SDKROOT = auto;
				SUPPORTED_PLATFORMS = "iphoneos iphonesimulator macosx xros xrsimulator";
				SWIFT_EMIT_LOC_STRINGS = YES;
				SWIFT_VERSION = 5.0;
				TARGETED_DEVICE_FAMILY = "1,2,7";
				XROS_DEPLOYMENT_TARGET = 2.1;
			};
			name = Release;
		};
		815837ED2CDE8B5B00EDBD52 /* Debug */ = {
			isa = XCBuildConfiguration;
			buildSettings = {
				BUNDLE_LOADER = "$(TEST_HOST)";
				CODE_SIGN_STYLE = Automatic;
				CURRENT_PROJECT_VERSION = 1;
				DEVELOPMENT_TEAM = 4W2K9M74YB;
				GENERATE_INFOPLIST_FILE = YES;
				IPHONEOS_DEPLOYMENT_TARGET = 18.1;
				MACOSX_DEPLOYMENT_TARGET = 14.6;
				MARKETING_VERSION = 1.0;
				PRODUCT_BUNDLE_IDENTIFIER = Test.CalculatorSwiftTutorialTests;
				PRODUCT_NAME = "$(TARGET_NAME)";
				SDKROOT = auto;
				SUPPORTED_PLATFORMS = "iphoneos iphonesimulator macosx xros xrsimulator";
				SWIFT_EMIT_LOC_STRINGS = NO;
				SWIFT_VERSION = 5.0;
				TARGETED_DEVICE_FAMILY = "1,2,7";
				TEST_HOST = "$(BUILT_PRODUCTS_DIR)/CalculatorSwiftTutorial.app/$(BUNDLE_EXECUTABLE_FOLDER_PATH)/CalculatorSwiftTutorial";
				XROS_DEPLOYMENT_TARGET = 2.1;
			};
			name = Debug;
		};
		815837EE2CDE8B5B00EDBD52 /* Release */ = {
			isa = XCBuildConfiguration;
			buildSettings = {
				BUNDLE_LOADER = "$(TEST_HOST)";
				CODE_SIGN_STYLE = Automatic;
				CURRENT_PROJECT_VERSION = 1;
				DEVELOPMENT_TEAM = 4W2K9M74YB;
				GENERATE_INFOPLIST_FILE = YES;
				IPHONEOS_DEPLOYMENT_TARGET = 18.1;
				MACOSX_DEPLOYMENT_TARGET = 14.6;
				MARKETING_VERSION = 1.0;
				PRODUCT_BUNDLE_IDENTIFIER = Test.CalculatorSwiftTutorialTests;
				PRODUCT_NAME = "$(TARGET_NAME)";
				SDKROOT = auto;
				SUPPORTED_PLATFORMS = "iphoneos iphonesimulator macosx xros xrsimulator";
				SWIFT_EMIT_LOC_STRINGS = NO;
				SWIFT_VERSION = 5.0;
				TARGETED_DEVICE_FAMILY = "1,2,7";
				TEST_HOST = "$(BUILT_PRODUCTS_DIR)/CalculatorSwiftTutorial.app/$(BUNDLE_EXECUTABLE_FOLDER_PATH)/CalculatorSwiftTutorial";
				XROS_DEPLOYMENT_TARGET = 2.1;
			};
			name = Release;
		};
		815837F02CDE8B5B00EDBD52 /* Debug */ = {
			isa = XCBuildConfiguration;
			buildSettings = {
				CODE_SIGN_STYLE = Automatic;
				CURRENT_PROJECT_VERSION = 1;
				DEVELOPMENT_TEAM = 4W2K9M74YB;
				GENERATE_INFOPLIST_FILE = YES;
				IPHONEOS_DEPLOYMENT_TARGET = 18.1;
				MACOSX_DEPLOYMENT_TARGET = 14.6;
				MARKETING_VERSION = 1.0;
				PRODUCT_BUNDLE_IDENTIFIER = Test.CalculatorSwiftTutorialUITests;
				PRODUCT_NAME = "$(TARGET_NAME)";
				SDKROOT = auto;
				SUPPORTED_PLATFORMS = "iphoneos iphonesimulator macosx xros xrsimulator";
				SWIFT_EMIT_LOC_STRINGS = NO;
				SWIFT_VERSION = 5.0;
				TARGETED_DEVICE_FAMILY = "1,2,7";
				TEST_TARGET_NAME = CalculatorSwiftTutorial;
				XROS_DEPLOYMENT_TARGET = 2.1;
			};
			name = Debug;
		};
		815837F12CDE8B5B00EDBD52 /* Release */ = {
			isa = XCBuildConfiguration;
			buildSettings = {
				CODE_SIGN_STYLE = Automatic;
				CURRENT_PROJECT_VERSION = 1;
				DEVELOPMENT_TEAM = 4W2K9M74YB;
				GENERATE_INFOPLIST_FILE = YES;
				IPHONEOS_DEPLOYMENT_TARGET = 18.1;
				MACOSX_DEPLOYMENT_TARGET = 14.6;
				MARKETING_VERSION = 1.0;
				PRODUCT_BUNDLE_IDENTIFIER = Test.CalculatorSwiftTutorialUITests;
				PRODUCT_NAME = "$(TARGET_NAME)";
				SDKROOT = auto;
				SUPPORTED_PLATFORMS = "iphoneos iphonesimulator macosx xros xrsimulator";
				SWIFT_EMIT_LOC_STRINGS = NO;
				SWIFT_VERSION = 5.0;
				TARGETED_DEVICE_FAMILY = "1,2,7";
				TEST_TARGET_NAME = CalculatorSwiftTutorial;
				XROS_DEPLOYMENT_TARGET = 2.1;
			};
			name = Release;
		};
/* End XCBuildConfiguration section */

/* Begin XCConfigurationList section */
		815837BF2CDE8B5800EDBD52 /* Build configuration list for PBXProject "CalculatorSwiftTutorial" */ = {
			isa = XCConfigurationList;
			buildConfigurations = (
				815837E72CDE8B5B00EDBD52 /* Debug */,
				815837E82CDE8B5B00EDBD52 /* Release */,
			);
			defaultConfigurationIsVisible = 0;
			defaultConfigurationName = Release;
		};
		815837E92CDE8B5B00EDBD52 /* Build configuration list for PBXNativeTarget "CalculatorSwiftTutorial" */ = {
			isa = XCConfigurationList;
			buildConfigurations = (
				815837EA2CDE8B5B00EDBD52 /* Debug */,
				815837EB2CDE8B5B00EDBD52 /* Release */,
			);
			defaultConfigurationIsVisible = 0;
			defaultConfigurationName = Release;
		};
		815837EC2CDE8B5B00EDBD52 /* Build configuration list for PBXNativeTarget "CalculatorSwiftTutorialTests" */ = {
			isa = XCConfigurationList;
			buildConfigurations = (
				815837ED2CDE8B5B00EDBD52 /* Debug */,
				815837EE2CDE8B5B00EDBD52 /* Release */,
			);
			defaultConfigurationIsVisible = 0;
			defaultConfigurationName = Release;
		};
		815837EF2CDE8B5B00EDBD52 /* Build configuration list for PBXNativeTarget "CalculatorSwiftTutorialUITests" */ = {
			isa = XCConfigurationList;
			buildConfigurations = (
				815837F02CDE8B5B00EDBD52 /* Debug */,
				815837F12CDE8B5B00EDBD52 /* Release */,
			);
			defaultConfigurationIsVisible = 0;
			defaultConfigurationName = Release;
		};
/* End XCConfigurationList section */
	};
	rootObject = 815837BC2CDE8B5800EDBD52 /* Project object */;
}
